
Microsoft Visual Studio Solution File, Format Version 12.00
# Visual Studio Version 16
VisualStudioVersion = 16.0.30523.141
MinimumVisualStudioVersion = 10.0.40219.1
Project("{FAE04EC0-301F-11D3-BF4B-00C04F79EFBC}") = "ModuleOneCsharpAssig2", "ModuleOneCsharpAssig2\ModuleOneCsharpAssig2.csproj", "{11474E8D-48B9-40BF-B1D5-025A1E42F3F6}"
EndProject
Global
	GlobalSection(SolutionConfigurationPlatforms) = preSolution
		Debug|Any CPU = Debug|Any CPU
		Release|Any CPU = Release|Any CPU
	EndGlobalSection
	GlobalSection(ProjectConfigurationPlatforms) = postSolution
		{11474E8D-48B9-40BF-B1D5-025A1E42F3F6}.Debug|Any CPU.ActiveCfg = Debug|Any CPU
		{11474E8D-48B9-40BF-B1D5-025A1E42F3F6}.Debug|Any CPU.Build.0 = Debug|Any CPU
		{11474E8D-48B9-40BF-B1D5-025A1E42F3F6}.Release|Any CPU.ActiveCfg = Release|Any CPU
		{11474E8D-48B9-40BF-B1D5-025A1E42F3F6}.Release|Any CPU.Build.0 = Release|Any CPU
	EndGlobalSection
	GlobalSection(SolutionProperties) = preSolution
		HideSolutionNode = FALSE
	EndGlobalSection
	GlobalSection(ExtensibilityGlobals) = postSolution
		SolutionGuid = {9F3602DE-52B1-475F-BFC3-AA5C36805D82}
	EndGlobalSection
EndGlobal
